
Microsoft Visual Studio Solution File, Format Version 12.00
# Visual Studio Version 16
VisualStudioVersion = 16.0.30523.141
MinimumVisualStudioVersion = 10.0.40219.1
Project("{FAE04EC0-301F-11D3-BF4B-00C04F79EFBC}") = "Divide and conquer", "Divide and conquer.csproj", "{227CC118-F1D0-4CCF-A17D-256E148447E7}"
EndProject
Global
	GlobalSection(SolutionConfigurationPlatforms) = preSolution
		Debug|Any CPU = Debug|Any CPU
		Release|Any CPU = Release|Any CPU
	EndGlobalSection
	GlobalSection(ProjectConfigurationPlatforms) = postSolution
		{227CC118-F1D0-4CCF-A17D-256E148447E7}.Debug|Any CPU.ActiveCfg = Debug|Any CPU
		{227CC118-F1D0-4CCF-A17D-256E148447E7}.Debug|Any CPU.Build.0 = Debug|Any CPU
		{227CC118-F1D0-4CCF-A17D-256E148447E7}.Release|Any CPU.ActiveCfg = Release|Any CPU
		{227CC118-F1D0-4CCF-A17D-256E148447E7}.Release|Any CPU.Build.0 = Release|Any CPU
	EndGlobalSection
	GlobalSection(SolutionProperties) = preSolution
		HideSolutionNode = FALSE
	EndGlobalSection
	GlobalSection(ExtensibilityGlobals) = postSolution
		SolutionGuid = {F51F5388-89DF-490D-B8D6-395D38E723EE}
	EndGlobalSection
EndGlobal
