
Microsoft Visual Studio Solution File, Format Version 12.00
# Visual Studio Version 16
VisualStudioVersion = 16.0.30523.141
MinimumVisualStudioVersion = 10.0.40219.1
Project("{FAE04EC0-301F-11D3-BF4B-00C04F79EFBC}") = "QuickHull", "QuickHull.csproj", "{C686CDD9-127B-4BFB-B4E1-291D1DC0BA6A}"
EndProject
Global
	GlobalSection(SolutionConfigurationPlatforms) = preSolution
		Debug|Any CPU = Debug|Any CPU
		Release|Any CPU = Release|Any CPU
	EndGlobalSection
	GlobalSection(ProjectConfigurationPlatforms) = postSolution
		{C686CDD9-127B-4BFB-B4E1-291D1DC0BA6A}.Debug|Any CPU.ActiveCfg = Debug|Any CPU
		{C686CDD9-127B-4BFB-B4E1-291D1DC0BA6A}.Debug|Any CPU.Build.0 = Debug|Any CPU
		{C686CDD9-127B-4BFB-B4E1-291D1DC0BA6A}.Release|Any CPU.ActiveCfg = Release|Any CPU
		{C686CDD9-127B-4BFB-B4E1-291D1DC0BA6A}.Release|Any CPU.Build.0 = Release|Any CPU
	EndGlobalSection
	GlobalSection(SolutionProperties) = preSolution
		HideSolutionNode = FALSE
	EndGlobalSection
	GlobalSection(ExtensibilityGlobals) = postSolution
		SolutionGuid = {AF57BA1E-2D25-4DC0-971B-33B2158F3BCE}
	EndGlobalSection
EndGlobal
